Microsoft Visual Studio Solution File, Format Version 12.00
# Visual Studio Version 16
VisualStudioVersion = 16.0.29503.13
MinimumVisualStudioVersion = 10.0.40219.1
Project("{FAE04EC0-301F-11D3-BF4B-00C04F79EFBC}") = "Umbraco.Commerce.PaymentProviders.Opayo", "src\Umbraco.Commerce.PaymentProviders.Opayo\Umbraco.Commerce.PaymentProviders.Opayo.csproj", "{C1324CA4-38AF-47B1-8579-DC78DF5B18D3}"
EndProject
Global
	GlobalSection(SolutionConfigurationPlatforms) = preSolution
		Debug|Any CPU = Debug|Any CPU
		Release|Any CPU = Release|Any CPU
	EndGlobalSection
	GlobalSection(ProjectConfigurationPlatforms) = postSolution
		{5F0F8DC1-498C-420A-8016-968B9E4B87D8}.Debug|Any CPU.ActiveCfg = Debug|Any CPU
		{5F0F8DC1-498C-420A-8016-968B9E4B87D8}.Release|Any CPU.ActiveCfg = Release|Any CPU
		{C1324CA4-38AF-47B1-8579-DC78DF5B18D3}.Debug|Any CPU.ActiveCfg = Debug|Any CPU
		{C1324CA4-38AF-47B1-8579-DC78DF5B18D3}.Debug|Any CPU.Build.0 = Debug|Any CPU
		{C1324CA4-38AF-47B1-8579-DC78DF5B18D3}.Release|Any CPU.ActiveCfg = Release|Any CPU
		{C1324CA4-38AF-47B1-8579-DC78DF5B18D3}.Release|Any CPU.Build.0 = Release|Any CPU
	EndGlobalSection
	GlobalSection(SolutionProperties) = preSolution
		HideSolutionNode = FALSE
	EndGlobalSection
	GlobalSection(ExtensibilityGlobals) = postSolution
		SolutionGuid = {B3A08DA4-571B-4CE5-A04A-7F7E8EC953F1}
	EndGlobalSection
EndGlobal
